// !$*UTF8*$!
{
	archiveVersion = 1;
	classes = {
	};
	objectVersion = 56;
	objects = {

/* Begin PBXBuildFile section */
		FE3595AD2B7ED39C00773395 /* TabViewWithSlideMenuApp.swift in Sources */ = {isa = PBXBuildFile; fileRef = FE3595AC2B7ED39C00773395 /* TabViewWithSlideMenuApp.swift */; };
		FE3595AF2B7ED39C00773395 /* ContentView.swift in Sources */ = {isa = PBXBuildFile; fileRef = FE3595AE2B7ED39C00773395 /* ContentView.swift */; };
		FE3595B12B7ED39E00773395 /* Assets.xcassets in Resources */ = {isa = PBXBuildFile; fileRef = FE3595B02B7ED39E00773395 /* Assets.xcassets */; };
		FE3595B42B7ED39E00773395 /* Preview Assets.xcassets in Resources */ = {isa = PBXBuildFile; fileRef = FE3595B32B7ED39E00773395 /* Preview Assets.xcassets */; };
		FE3595D82B7ED40800773395 /* SlideMenuView.swift in Sources */ = {isa = PBXBuildFile; fileRef = FE3595D72B7ED40800773395 /* SlideMenuView.swift */; };
		FE3595DB2B7ED59E00773395 /* BarOptions.swift in Sources */ = {isa = PBXBuildFile; fileRef = FE3595DA2B7ED59E00773395 /* BarOptions.swift */; };
/* End PBXBuildFile section */

/* Begin PBXContainerItemProxy section */
		FE3595BA2B7ED39E00773395 /* PBXContainerItemProxy */ = {
			isa = PBXContainerItemProxy;
			containerPortal = FE3595A12B7ED39C00773395 /* Project object */;
			proxyType = 1;
			remoteGlobalIDString = FE3595A82B7ED39C00773395;
			remoteInfo = TabViewWithSlideMenu;
		};
		FE3595C42B7ED39E00773395 /* PBXContainerItemProxy */ = {
			isa = PBXContainerItemProxy;
			containerPortal = FE3595A12B7ED39C00773395 /* Project object */;
			proxyType = 1;
			remoteGlobalIDString = FE3595A82B7ED39C00773395;
			remoteInfo = TabViewWithSlideMenu;
		};
/* End PBXContainerItemProxy section */

/* Begin PBXFileReference section */
		FE3595A92B7ED39C00773395 /* TabViewWithSlideMenu.app */ = {isa = PBXFileReference; explicitFileType = wrapper.application; includeInIndex = 0; path = TabViewWithSlideMenu.app; sourceTree = BUILT_PRODUCTS_DIR; };
		FE3595AC2B7ED39C00773395 /* TabViewWithSlideMenuApp.swift */ = {isa = PBXFileReference; lastKnownFileType = sourcecode.swift; path = TabViewWithSlideMenuApp.swift; sourceTree = "<group>"; };
		FE3595AE2B7ED39C00773395 /* ContentView.swift */ = {isa = PBXFileReference; lastKnownFileType = sourcecode.swift; path = ContentView.swift; sourceTree = "<group>"; };
		FE3595B02B7ED39E00773395 /* Assets.xcassets */ = {isa = PBXFileReference; lastKnownFileType = folder.assetcatalog; path = Assets.xcassets; sourceTree = "<group>"; };
		FE3595B32B7ED39E00773395 /* Preview Assets.xcassets */ = {isa = PBXFileReference; lastKnownFileType = folder.assetcatalog; path = "Preview Assets.xcassets"; sourceTree = "<group>"; };
		FE3595B92B7ED39E00773395 /* TabViewWithSlideMenuTests.xctest */ = {isa = PBXFileReference; explicitFileType = wrapper.cfbundle; includeInIndex = 0; path = TabViewWithSlideMenuTests.xctest; sourceTree = BUILT_PRODUCTS_DIR; };
		FE3595C32B7ED39E00773395 /* TabViewWithSlideMenuUITests.xctest */ = {isa = PBXFileReference; explicitFileType = wrapper.cfbundle; includeInIndex = 0; path = TabViewWithSlideMenuUITests.xctest; sourceTree = BUILT_PRODUCTS_DIR; };
		FE3595D72B7ED40800773395 /* SlideMenuView.swift */ = {isa = PBXFileReference; lastKnownFileType = sourcecode.swift; path = SlideMenuView.swift; sourceTree = "<group>"; };
		FE3595DA2B7ED59E00773395 /* BarOptions.swift */ = {isa = PBXFileReference; lastKnownFileType = sourcecode.swift; path = BarOptions.swift; sourceTree = "<group>"; };
/* End PBXFileReference section */

/* Begin PBXFrameworksBuildPhase section */
		FE3595A62B7ED39C00773395 /* Frameworks */ = {
			isa = PBXFrameworksBuildPhase;
			buildActionMask = 2147483647;
			files = (
			);
			runOnlyForDeploymentPostprocessing = 0;
		};
		FE3595B62B7ED39E00773395 /* Frameworks */ = {
			isa = PBXFrameworksBuildPhase;
			buildActionMask = 2147483647;
			files = (
			);
			runOnlyForDeploymentPostprocessing = 0;
		};
		FE3595C02B7ED39E00773395 /* Frameworks */ = {
			isa = PBXFrameworksBuildPhase;
			buildActionMask = 2147483647;
			files = (
			);
			runOnlyForDeploymentPostprocessing = 0;
		};
/* End PBXFrameworksBuildPhase section */

/* Begin PBXGroup section */
		FE3595A02B7ED39C00773395 = {
			isa = PBXGroup;
			children = (
				FE3595AB2B7ED39C00773395 /* TabViewWithSlideMenu */,
				FE3595AA2B7ED39C00773395 /* Products */,
			);
			sourceTree = "<group>";
		};
		FE3595AA2B7ED39C00773395 /* Products */ = {
			isa = PBXGroup;
			children = (
				FE3595A92B7ED39C00773395 /* TabViewWithSlideMenu.app */,
				FE3595B92B7ED39E00773395 /* TabViewWithSlideMenuTests.xctest */,
				FE3595C32B7ED39E00773395 /* TabViewWithSlideMenuUITests.xctest */,
			);
			name = Products;
			sourceTree = "<group>";
		};
		FE3595AB2B7ED39C00773395 /* TabViewWithSlideMenu */ = {
			isa = PBXGroup;
			children = (
				FE3595D92B7ED59100773395 /* Commons */,
				FE3595D62B7ED3F500773395 /* Views */,
				FE3595AC2B7ED39C00773395 /* TabViewWithSlideMenuApp.swift */,
				FE3595B02B7ED39E00773395 /* Assets.xcassets */,
				FE3595B22B7ED39E00773395 /* Preview Content */,
			);
			path = TabViewWithSlideMenu;
			sourceTree = "<group>";
		};
		FE3595B22B7ED39E00773395 /* Preview Content */ = {
			isa = PBXGroup;
			children = (
				FE3595B32B7ED39E00773395 /* Preview Assets.xcassets */,
			);
			path = "Preview Content";
			sourceTree = "<group>";
		};
		FE3595D62B7ED3F500773395 /* Views */ = {
			isa = PBXGroup;
			children = (
				FE3595AE2B7ED39C00773395 /* ContentView.swift */,
				FE3595D72B7ED40800773395 /* SlideMenuView.swift */,
			);
			path = Views;
			sourceTree = "<group>";
		};
		FE3595D92B7ED59100773395 /* Commons */ = {
			isa = PBXGroup;
			children = (
				FE3595DA2B7ED59E00773395 /* BarOptions.swift */,
			);
			path = Commons;
			sourceTree = "<group>";
		};
/* End PBXGroup section */

/* Begin PBXNativeTarget section */
		FE3595A82B7ED39C00773395 /* TabViewWithSlideMenu */ = {
			isa = PBXNativeTarget;
			buildConfigurationList = FE3595CD2B7ED39E00773395 /* Build configuration list for PBXNativeTarget "TabViewWithSlideMenu" */;
			buildPhases = (
				FE3595A52B7ED39C00773395 /* Sources */,
				FE3595A62B7ED39C00773395 /* Frameworks */,
				FE3595A72B7ED39C00773395 /* Resources */,
			);
			buildRules = (
			);
			dependencies = (
			);
			name = TabViewWithSlideMenu;
			productName = TabViewWithSlideMenu;
			productReference = FE3595A92B7ED39C00773395 /* TabViewWithSlideMenu.app */;
			productType = "com.apple.product-type.application";
		};
		FE3595B82B7ED39E00773395 /* TabViewWithSlideMenuTests */ = {
			isa = PBXNativeTarget;
			buildConfigurationList = FE3595D02B7ED39E00773395 /* Build configuration list for PBXNativeTarget "TabViewWithSlideMenuTests" */;
			buildPhases = (
				FE3595B52B7ED39E00773395 /* Sources */,
				FE3595B62B7ED39E00773395 /* Frameworks */,
				FE3595B72B7ED39E00773395 /* Resources */,
			);
			buildRules = (
			);
			dependencies = (
				FE3595BB2B7ED39E00773395 /* PBXTargetDependency */,
			);
			name = TabViewWithSlideMenuTests;
			productName = TabViewWithSlideMenuTests;
			productReference = FE3595B92B7ED39E00773395 /* TabViewWithSlideMenuTests.xctest */;
			productType = "com.apple.product-type.bundle.unit-test";
		};
		FE3595C22B7ED39E00773395 /* TabViewWithSlideMenuUITests */ = {
			isa = PBXNativeTarget;
			buildConfigurationList = FE3595D32B7ED39E00773395 /* Build configuration list for PBXNativeTarget "TabViewWithSlideMenuUITests" */;
			buildPhases = (
				FE3595BF2B7ED39E00773395 /* Sources */,
				FE3595C02B7ED39E00773395 /* Frameworks */,
				FE3595C12B7ED39E00773395 /* Resources */,
			);
			buildRules = (
			);
			dependencies = (
				FE3595C52B7ED39E00773395 /* PBXTargetDependency */,
			);
			name = TabViewWithSlideMenuUITests;
			productName = TabViewWithSlideMenuUITests;
			productReference = FE3595C32B7ED39E00773395 /* TabViewWithSlideMenuUITests.xctest */;
			productType = "com.apple.product-type.bundle.ui-testing";
		};
/* End PBXNativeTarget section */

/* Begin PBXProject section */
		FE3595A12B7ED39C00773395 /* Project object */ = {
			isa = PBXProject;
			attributes = {
				BuildIndependentTargetsInParallel = 1;
				LastSwiftUpdateCheck = 1520;
				LastUpgradeCheck = 1520;
				TargetAttributes = {
					FE3595A82B7ED39C00773395 = {
						CreatedOnToolsVersion = 15.2;
					};
					FE3595B82B7ED39E00773395 = {
						CreatedOnToolsVersion = 15.2;
						TestTargetID = FE3595A82B7ED39C00773395;
					};
					FE3595C22B7ED39E00773395 = {
						CreatedOnToolsVersion = 15.2;
						TestTargetID = FE3595A82B7ED39C00773395;
					};
				};
			};
			buildConfigurationList = FE3595A42B7ED39C00773395 /* Build configuration list for PBXProject "TabViewWithSlideMenu" */;
			compatibilityVersion = "Xcode 14.0";
			developmentRegion = en;
			hasScannedForEncodings = 0;
			knownRegions = (
				en,
				Base,
			);
			mainGroup = FE3595A02B7ED39C00773395;
			productRefGroup = FE3595AA2B7ED39C00773395 /* Products */;
			projectDirPath = "";
			projectRoot = "";
			targets = (
				FE3595A82B7ED39C00773395 /* TabViewWithSlideMenu */,
				FE3595B82B7ED39E00773395 /* TabViewWithSlideMenuTests */,
				FE3595C22B7ED39E00773395 /* TabViewWithSlideMenuUITests */,
			);
		};
/* End PBXProject section */

/* Begin PBXResourcesBuildPhase section */
		FE3595A72B7ED39C00773395 /* Resources */ = {
			isa = PBXResourcesBuildPhase;
			buildActionMask = 2147483647;
			files = (
				FE3595B42B7ED39E00773395 /* Preview Assets.xcassets in Resources */,
				FE3595B12B7ED39E00773395 /* Assets.xcassets in Resources */,
			);
			runOnlyForDeploymentPostprocessing = 0;
		};
		FE3595B72B7ED39E00773395 /* Resources */ = {
			isa = PBXResourcesBuildPhase;
			buildActionMask = 2147483647;
			files = (
			);
			runOnlyForDeploymentPostprocessing = 0;
		};
		FE3595C12B7ED39E00773395 /* Resources */ = {
			isa = PBXResourcesBuildPhase;
			buildActionMask = 2147483647;
			files = (
			);
			runOnlyForDeploymentPostprocessing = 0;
		};
/* End PBXResourcesBuildPhase section */

/* Begin PBXSourcesBuildPhase section */
		FE3595A52B7ED39C00773395 /* Sources */ = {
			isa = PBXSourcesBuildPhase;
			buildActionMask = 2147483647;
			files = (
				FE3595DB2B7ED59E00773395 /* BarOptions.swift in Sources */,
				FE3595AF2B7ED39C00773395 /* ContentView.swift in Sources */,
				FE3595AD2B7ED39C00773395 /* TabViewWithSlideMenuApp.swift in Sources */,
				FE3595D82B7ED40800773395 /* SlideMenuView.swift in Sources */,
			);
			runOnlyForDeploymentPostprocessing = 0;
		};
		FE3595B52B7ED39E00773395 /* Sources */ = {
			isa = PBXSourcesBuildPhase;
			buildActionMask = 2147483647;
			files = (
			);
			runOnlyForDeploymentPostprocessing = 0;
		};
		FE3595BF2B7ED39E00773395 /* Sources */ = {
			isa = PBXSourcesBuildPhase;
			buildActionMask = 2147483647;
			files = (
			);
			runOnlyForDeploymentPostprocessing = 0;
		};
/* End PBXSourcesBuildPhase section */

/* Begin PBXTargetDependency section */
		FE3595BB2B7ED39E00773395 /* PBXTargetDependency */ = {
			isa = PBXTargetDependency;
			target = FE3595A82B7ED39C00773395 /* TabViewWithSlideMenu */;
			targetProxy = FE3595BA2B7ED39E00773395 /* PBXContainerItemProxy */;
		};
		FE3595C52B7ED39E00773395 /* PBXTargetDependency */ = {
			isa = PBXTargetDependency;
			target = FE3595A82B7ED39C00773395 /* TabViewWithSlideMenu */;
			targetProxy = FE3595C42B7ED39E00773395 /* PBXContainerItemProxy */;
		};
/* End PBXTargetDependency section */

/* Begin XCBuildConfiguration section */
		FE3595CB2B7ED39E00773395 /* Debug */ = {
			isa = XCBuildConfiguration;
			buildSettings = {
				ALWAYS_SEARCH_USER_PATHS = NO;
				ASSETCATALOG_COMPILER_GENERATE_SWIFT_ASSET_SYMBOL_EXTENSIONS = YES;
				CLANG_ANALYZER_NONNULL = YES;
				CLANG_ANALYZER_NUMBER_OBJECT_CONVERSION = YES_AGGRESSIVE;
				CLANG_CXX_LANGUAGE_STANDARD = "gnu++20";
				CLANG_ENABLE_MODULES = YES;
				CLANG_ENABLE_OBJC_ARC = YES;
				CLANG_ENABLE_OBJC_WEAK = YES;
				CLANG_WARN_BLOCK_CAPTURE_AUTORELEASING = YES;
				CLANG_WARN_BOOL_CONVERSION = YES;
				CLANG_WARN_COMMA = YES;
				CLANG_WARN_CONSTANT_CONVERSION = YES;
				CLANG_WARN_DEPRECATED_OBJC_IMPLEMENTATIONS = YES;
				CLANG_WARN_DIRECT_OBJC_ISA_USAGE = YES_ERROR;
				CLANG_WARN_DOCUMENTATION_COMMENTS = YES;
				CLANG_WARN_EMPTY_BODY = YES;
				CLANG_WARN_ENUM_CONVERSION = YES;
				CLANG_WARN_INFINITE_RECURSION = YES;
				CLANG_WARN_INT_CONVERSION = YES;
				CLANG_WARN_NON_LITERAL_NULL_CONVERSION = YES;
				CLANG_WARN_OBJC_IMPLICIT_RETAIN_SELF = YES;
				CLANG_WARN_OBJC_LITERAL_CONVERSION = YES;
				CLANG_WARN_OBJC_ROOT_CLASS = YES_ERROR;
				CLANG_WARN_QUOTED_INCLUDE_IN_FRAMEWORK_HEADER = YES;
				CLANG_WARN_RANGE_LOOP_ANALYSIS = YES;
				CLANG_WARN_STRICT_PROTOTYPES = YES;
				CLANG_WARN_SUSPICIOUS_MOVE = YES;
				CLANG_WARN_UNGUARDED_AVAILABILITY = YES_AGGRESSIVE;
				CLANG_WARN_UNREACHABLE_CODE = YES;
				CLANG_WARN__DUPLICATE_METHOD_MATCH = YES;
				COPY_PHASE_STRIP = NO;
				DEBUG_INFORMATION_FORMAT = dwarf;
				ENABLE_STRICT_OBJC_MSGSEND = YES;
				ENABLE_TESTABILITY = YES;
				ENABLE_USER_SCRIPT_SANDBOXING = YES;
				GCC_C_LANGUAGE_STANDARD = gnu17;
				GCC_DYNAMIC_NO_PIC = NO;
				GCC_NO_COMMON_BLOCKS = YES;
				GCC_OPTIMIZATION_LEVEL = 0;
				GCC_PREPROCESSOR_DEFINITIONS = (
					"DEBUG=1",
					"$(inherited)",
				);
				GCC_WARN_64_TO_32_BIT_CONVERSION = YES;
				GCC_WARN_ABOUT_RETURN_TYPE = YES_ERROR;
				GCC_WARN_UNDECLARED_SELECTOR = YES;
				GCC_WARN_UNINITIALIZED_AUTOS = YES_AGGRESSIVE;
				GCC_WARN_UNUSED_FUNCTION = YES;
				GCC_WARN_UNUSED_VARIABLE = YES;
				IPHONEOS_DEPLOYMENT_TARGET = 17.2;
				LOCALIZATION_PREFERS_STRING_CATALOGS = YES;
				MTL_ENABLE_DEBUG_INFO = INCLUDE_SOURCE;
				MTL_FAST_MATH = YES;
				ONLY_ACTIVE_ARCH = YES;
				SDKROOT = iphoneos;
				SWIFT_ACTIVE_COMPILATION_CONDITIONS = "DEBUG $(inherited)";
				SWIFT_OPTIMIZATION_LEVEL = "-Onone";
			};
			name = Debug;
		};
		FE3595CC2B7ED39E00773395 /* Release */ = {
			isa = XCBuildConfiguration;
			buildSettings = {
				ALWAYS_SEARCH_USER_PATHS = NO;
				ASSETCATALOG_COMPILER_GENERATE_SWIFT_ASSET_SYMBOL_EXTENSIONS = YES;
				CLANG_ANALYZER_NONNULL = YES;
				CLANG_ANALYZER_NUMBER_OBJECT_CONVERSION = YES_AGGRESSIVE;
				CLANG_CXX_LANGUAGE_STANDARD = "gnu++20";
				CLANG_ENABLE_MODULES = YES;
				CLANG_ENABLE_OBJC_ARC = YES;
				CLANG_ENABLE_OBJC_WEAK = YES;
				CLANG_WARN_BLOCK_CAPTURE_AUTORELEASING = YES;
				CLANG_WARN_BOOL_CONVERSION = YES;
				CLANG_WARN_COMMA = YES;
				CLANG_WARN_CONSTANT_CONVERSION = YES;
				CLANG_WARN_DEPRECATED_OBJC_IMPLEMENTATIONS = YES;
				CLANG_WARN_DIRECT_OBJC_ISA_USAGE = YES_ERROR;
				CLANG_WARN_DOCUMENTATION_COMMENTS = YES;
				CLANG_WARN_EMPTY_BODY = YES;
				CLANG_WARN_ENUM_CONVERSION = YES;
				CLANG_WARN_INFINITE_RECURSION = YES;
				CLANG_WARN_INT_CONVERSION = YES;
				CLANG_WARN_NON_LITERAL_NULL_CONVERSION = YES;
				CLANG_WARN_OBJC_IMPLICIT_RETAIN_SELF = YES;
				CLANG_WARN_OBJC_LITERAL_CONVERSION = YES;
				CLANG_WARN_OBJC_ROOT_CLASS = YES_ERROR;
				CLANG_WARN_QUOTED_INCLUDE_IN_FRAMEWORK_HEADER = YES;
				CLANG_WARN_RANGE_LOOP_ANALYSIS = YES;
				CLANG_WARN_STRICT_PROTOTYPES = YES;
				CLANG_WARN_SUSPICIOUS_MOVE = YES;
				CLANG_WARN_UNGUARDED_AVAILABILITY = YES_AGGRESSIVE;
				CLANG_WARN_UNREACHABLE_CODE = YES;
				CLANG_WARN__DUPLICATE_METHOD_MATCH = YES;
				COPY_PHASE_STRIP = NO;
				DEBUG_INFORMATION_FORMAT = "dwarf-with-dsym";
				ENABLE_NS_ASSERTIONS = NO;
				ENABLE_STRICT_OBJC_MSGSEND = YES;
				ENABLE_USER_SCRIPT_SANDBOXING = YES;
				GCC_C_LANGUAGE_STANDARD = gnu17;
				GCC_NO_COMMON_BLOCKS = YES;
				GCC_WARN_64_TO_32_BIT_CONVERSION = YES;
				GCC_WARN_ABOUT_RETURN_TYPE = YES_ERROR;
				GCC_WARN_UNDECLARED_SELECTOR = YES;
				GCC_WARN_UNINITIALIZED_AUTOS = YES_AGGRESSIVE;
				GCC_WARN_UNUSED_FUNCTION = YES;
				GCC_WARN_UNUSED_VARIABLE = YES;
				IPHONEOS_DEPLOYMENT_TARGET = 17.2;
				LOCALIZATION_PREFERS_STRING_CATALOGS = YES;
				MTL_ENABLE_DEBUG_INFO = NO;
				MTL_FAST_MATH = YES;
				SDKROOT = iphoneos;
				SWIFT_COMPILATION_MODE = wholemodule;
				VALIDATE_PRODUCT = YES;
			};
			name = Release;
		};
		FE3595CE2B7ED39E00773395 /* Debug */ = {
			isa = XCBuildConfiguration;
			buildSettings = {
				ASSETCATALOG_COMPILER_APPICON_NAME = AppIcon;
				ASSETCATALOG_COMPILER_GLOBAL_ACCENT_COLOR_NAME = AccentColor;
				CODE_SIGN_STYLE = Automatic;
				CURRENT_PROJECT_VERSION = 1;
				DEVELOPMENT_ASSET_PATHS = "\"TabViewWithSlideMenu/Preview Content\"";
				ENABLE_PREVIEWS = YES;
				GENERATE_INFOPLIST_FILE = YES;
				INFOPLIST_KEY_UIApplicationSceneManifest_Generation = YES;
				INFOPLIST_KEY_UIApplicationSupportsIndirectInputEvents = YES;
				INFOPLIST_KEY_UILaunchScreen_Generation = YES;
				INFOPLIST_KEY_UISupportedInterfaceOrientations_iPad = "UIInterfaceOrientationPortrait UIInterfaceOrientationPortraitUpsideDown UIInterfaceOrientationLandscapeLeft UIInterfaceOrientationLandscapeRight";
				INFOPLIST_KEY_UISupportedInterfaceOrientations_iPhone = "UIInterfaceOrientationPortrait UIInterfaceOrientationLandscapeLeft UIInterfaceOrientationLandscapeRight";
				LD_RUNPATH_SEARCH_PATHS = (
					"$(inherited)",
					"@executable_path/Frameworks",
				);
				MARKETING_VERSION = 1.0;
				PRODUCT_BUNDLE_IDENTIFIER = com.rfsouto.TabViewWithSlideMenu;
				PRODUCT_NAME = "$(TARGET_NAME)";
				SWIFT_EMIT_LOC_STRINGS = YES;
				SWIFT_VERSION = 5.0;
				TARGETED_DEVICE_FAMILY = "1,2";
			};
			name = Debug;
		};
		FE3595CF2B7ED39E00773395 /* Release */ = {
			isa = XCBuildConfiguration;
			buildSettings = {
				ASSETCATALOG_COMPILER_APPICON_NAME = AppIcon;
				ASSETCATALOG_COMPILER_GLOBAL_ACCENT_COLOR_NAME = AccentColor;
				CODE_SIGN_STYLE = Automatic;
				CURRENT_PROJECT_VERSION = 1;
				DEVELOPMENT_ASSET_PATHS = "\"TabViewWithSlideMenu/Preview Content\"";
				ENABLE_PREVIEWS = YES;
				GENERATE_INFOPLIST_FILE = YES;
				INFOPLIST_KEY_UIApplicationSceneManifest_Generation = YES;
				INFOPLIST_KEY_UIApplicationSupportsIndirectInputEvents = YES;
				INFOPLIST_KEY_UILaunchScreen_Generation = YES;
				INFOPLIST_KEY_UISupportedInterfaceOrientations_iPad = "UIInterfaceOrientationPortrait UIInterfaceOrientationPortraitUpsideDown UIInterfaceOrientationLandscapeLeft UIInterfaceOrientationLandscapeRight";
				INFOPLIST_KEY_UISupportedInterfaceOrientations_iPhone = "UIInterfaceOrientationPortrait UIInterfaceOrientationLandscapeLeft UIInterfaceOrientationLandscapeRight";
				LD_RUNPATH_SEARCH_PATHS = (
					"$(inherited)",
					"@executable_path/Frameworks",
				);
				MARKETING_VERSION = 1.0;
				PRODUCT_BUNDLE_IDENTIFIER = com.rfsouto.TabViewWithSlideMenu;
				PRODUCT_NAME = "$(TARGET_NAME)";
				SWIFT_EMIT_LOC_STRINGS = YES;
				SWIFT_VERSION = 5.0;
				TARGETED_DEVICE_FAMILY = "1,2";
			};
			name = Release;
		};
		FE3595D12B7ED39E00773395 /* Debug */ = {
			isa = XCBuildConfiguration;
			buildSettings = {
				ALWAYS_EMBED_SWIFT_STANDARD_LIBRARIES = YES;
				BUNDLE_LOADER = "$(TEST_HOST)";
				CODE_SIGN_STYLE = Automatic;
				CURRENT_PROJECT_VERSION = 1;
				GENERATE_INFOPLIST_FILE = YES;
				IPHONEOS_DEPLOYMENT_TARGET = 17.2;
				MARKETING_VERSION = 1.0;
				PRODUCT_BUNDLE_IDENTIFIER = com.rfsouto.TabViewWithSlideMenuTests;
				PRODUCT_NAME = "$(TARGET_NAME)";
				SWIFT_EMIT_LOC_STRINGS = NO;
				SWIFT_VERSION = 5.0;
				TARGETED_DEVICE_FAMILY = "1,2";
				TEST_HOST = "$(BUILT_PRODUCTS_DIR)/TabViewWithSlideMenu.app/$(BUNDLE_EXECUTABLE_FOLDER_PATH)/TabViewWithSlideMenu";
			};
			name = Debug;
		};
		FE3595D22B7ED39E00773395 /* Release */ = {
			isa = XCBuildConfiguration;
			buildSettings = {
				ALWAYS_EMBED_SWIFT_STANDARD_LIBRARIES = YES;
				BUNDLE_LOADER = "$(TEST_HOST)";
				CODE_SIGN_STYLE = Automatic;
				CURRENT_PROJECT_VERSION = 1;
				GENERATE_INFOPLIST_FILE = YES;
				IPHONEOS_DEPLOYMENT_TARGET = 17.2;
				MARKETING_VERSION = 1.0;
				PRODUCT_BUNDLE_IDENTIFIER = com.rfsouto.TabViewWithSlideMenuTests;
				PRODUCT_NAME = "$(TARGET_NAME)";
				SWIFT_EMIT_LOC_STRINGS = NO;
				SWIFT_VERSION = 5.0;
				TARGETED_DEVICE_FAMILY = "1,2";
				TEST_HOST = "$(BUILT_PRODUCTS_DIR)/TabViewWithSlideMenu.app/$(BUNDLE_EXECUTABLE_FOLDER_PATH)/TabViewWithSlideMenu";
			};
			name = Release;
		};
		FE3595D42B7ED39E00773395 /* Debug */ = {
			isa = XCBuildConfiguration;
			buildSettings = {
				ALWAYS_EMBED_SWIFT_STANDARD_LIBRARIES = YES;
				CODE_SIGN_STYLE = Automatic;
				CURRENT_PROJECT_VERSION = 1;
				GENERATE_INFOPLIST_FILE = YES;
				MARKETING_VERSION = 1.0;
				PRODUCT_BUNDLE_IDENTIFIER = com.rfsouto.TabViewWithSlideMenuUITests;
				PRODUCT_NAME = "$(TARGET_NAME)";
				SWIFT_EMIT_LOC_STRINGS = NO;
				SWIFT_VERSION = 5.0;
				TARGETED_DEVICE_FAMILY = "1,2";
				TEST_TARGET_NAME = TabViewWithSlideMenu;
			};
			name = Debug;
		};
		FE3595D52B7ED39E00773395 /* Release */ = {
			isa = XCBuildConfiguration;
			buildSettings = {
				ALWAYS_EMBED_SWIFT_STANDARD_LIBRARIES = YES;
				CODE_SIGN_STYLE = Automatic;
				CURRENT_PROJECT_VERSION = 1;
				GENERATE_INFOPLIST_FILE = YES;
				MARKETING_VERSION = 1.0;
				PRODUCT_BUNDLE_IDENTIFIER = com.rfsouto.TabViewWithSlideMenuUITests;
				PRODUCT_NAME = "$(TARGET_NAME)";
				SWIFT_EMIT_LOC_STRINGS = NO;
				SWIFT_VERSION = 5.0;
				TARGETED_DEVICE_FAMILY = "1,2";
				TEST_TARGET_NAME = TabViewWithSlideMenu;
			};
			name = Release;
		};
/* End XCBuildConfiguration section */

/* Begin XCConfigurationList section */
		FE3595A42B7ED39C00773395 /* Build configuration list for PBXProject "TabViewWithSlideMenu" */ = {
			isa = XCConfigurationList;
			buildConfigurations = (
				FE3595CB2B7ED39E00773395 /* Debug */,
				FE3595CC2B7ED39E00773395 /* Release */,
			);
			defaultConfigurationIsVisible = 0;
			defaultConfigurationName = Release;
		};
		FE3595CD2B7ED39E00773395 /* Build configuration list for PBXNativeTarget "TabViewWithSlideMenu" */ = {
			isa = XCConfigurationList;
			buildConfigurations = (
				FE3595CE2B7ED39E00773395 /* Debug */,
				FE3595CF2B7ED39E00773395 /* Release */,
			);
			defaultConfigurationIsVisible = 0;
			defaultConfigurationName = Release;
		};
		FE3595D02B7ED39E00773395 /* Build configuration list for PBXNativeTarget "TabViewWithSlideMenuTests" */ = {
			isa = XCConfigurationList;
			buildConfigurations = (
				FE3595D12B7ED39E00773395 /* Debug */,
				FE3595D22B7ED39E00773395 /* Release */,
			);
			defaultConfigurationIsVisible = 0;
			defaultConfigurationName = Release;
		};
		FE3595D32B7ED39E00773395 /* Build configuration list for PBXNativeTarget "TabViewWithSlideMenuUITests" */ = {
			isa = XCConfigurationList;
			buildConfigurations = (
				FE3595D42B7ED39E00773395 /* Debug */,
				FE3595D52B7ED39E00773395 /* Release */,
			);
			defaultConfigurationIsVisible = 0;
			defaultConfigurationName = Release;
		};
/* End XCConfigurationList section */
	};
	rootObject = FE3595A12B7ED39C00773395 /* Project object */;
}
